// !$*UTF8*$!
{
	archiveVersion = 1;
	classes = {
	};
	objectVersion = 51;
	objects = {

/* Begin PBXBuildFile section */
		1D7D1CDCDED771410597073F /* Pods_community_sample__macOS_.framework in Frameworks */ = {isa = PBXBuildFile; fileRef = 3F097C2463661084E7CDBB22 /* Pods_community_sample__macOS_.framework */; };
		7D6FB69926F7A1AD008C921F /* community_sampleApp.swift in Sources */ = {isa = PBXBuildFile; fileRef = 7D6FB68626F7A1AC008C921F /* community_sampleApp.swift */; };
		7D6FB69A26F7A1AD008C921F /* community_sampleApp.swift in Sources */ = {isa = PBXBuildFile; fileRef = 7D6FB68626F7A1AC008C921F /* community_sampleApp.swift */; };
		7D6FB69D26F7A1AD008C921F /* Assets.xcassets in Resources */ = {isa = PBXBuildFile; fileRef = 7D6FB68826F7A1AD008C921F /* Assets.xcassets */; };
		7D6FB69E26F7A1AD008C921F /* Assets.xcassets in Resources */ = {isa = PBXBuildFile; fileRef = 7D6FB68826F7A1AD008C921F /* Assets.xcassets */; };
		7D6FB6AB26F7A35B008C921F /* InitialView.swift in Sources */ = {isa = PBXBuildFile; fileRef = 7D6FB6AA26F7A35B008C921F /* InitialView.swift */; };
		7D6FB6AC26F7A35B008C921F /* InitialView.swift in Sources */ = {isa = PBXBuildFile; fileRef = 7D6FB6AA26F7A35B008C921F /* InitialView.swift */; };
		7D6FB6AE26F7A8AD008C921F /* AuthViewModel.swift in Sources */ = {isa = PBXBuildFile; fileRef = 7D6FB6AD26F7A8AD008C921F /* AuthViewModel.swift */; };
		7D6FB6B026F7A9AF008C921F /* MainView.swift in Sources */ = {isa = PBXBuildFile; fileRef = 7D6FB6AF26F7A9AF008C921F /* MainView.swift */; };
		7D6FB6B226F7A9E3008C921F /* SearchView.swift in Sources */ = {isa = PBXBuildFile; fileRef = 7D6FB6B126F7A9E3008C921F /* SearchView.swift */; };
		7D9A61352704A75300660BB3 /* Constants.swift in Sources */ = {isa = PBXBuildFile; fileRef = 7D9A61342704A75300660BB3 /* Constants.swift */; };
		7DCEB43726FA123C0035E91A /* ItemView.swift in Sources */ = {isa = PBXBuildFile; fileRef = 7DCEB43626FA123C0035E91A /* ItemView.swift */; };
		7DCEB43926FA127C0035E91A /* LikeView.swift in Sources */ = {isa = PBXBuildFile; fileRef = 7DCEB43826FA127C0035E91A /* LikeView.swift */; };
		7DCEB43B26FA12980035E91A /* BoardView.swift in Sources */ = {isa = PBXBuildFile; fileRef = 7DCEB43A26FA12980035E91A /* BoardView.swift */; };
		7DCEB43D26FA12B30035E91A /* AccountView.swift in Sources */ = {isa = PBXBuildFile; fileRef = 7DCEB43C26FA12B30035E91A /* AccountView.swift */; };
		7DCEB43F26FA13690035E91A /* UserInfo.swift in Sources */ = {isa = PBXBuildFile; fileRef = 7DCEB43E26FA13690035E91A /* UserInfo.swift */; };
		7DCEB44326FA16F10035E91A /* DataViewModel.swift in Sources */ = {isa = PBXBuildFile; fileRef = 7DCEB44226FA16F10035E91A /* DataViewModel.swift */; };
		7DCEB44526FA17350035E91A /* ItemInfo.swift in Sources */ = {isa = PBXBuildFile; fileRef = 7DCEB44426FA17350035E91A /* ItemInfo.swift */; };
		7DCEB44726FA178E0035E91A /* NoticeInfo.swift in Sources */ = {isa = PBXBuildFile; fileRef = 7DCEB44626FA178E0035E91A /* NoticeInfo.swift */; };
		7DCEB44926FA18E50035E91A /* GoogleService-Info.plist in Resources */ = {isa = PBXBuildFile; fileRef = 7DCEB44826FA18E50035E91A /* GoogleService-Info.plist */; };
		8E8F3B4952C975835042B04F /* Pods_community_sample__iOS_.framework in Frameworks */ = {isa = PBXBuildFile; fileRef = 99B66C69B526B53213992A1B /* Pods_community_sample__iOS_.framework */; };
/* End PBXBuildFile section */

/* Begin PBXFileReference section */
		18B1B5D02289346D1DBACC1F /* Pods-community_sample (iOS).release.xcconfig */ = {isa = PBXFileReference; includeInIndex = 1; lastKnownFileType = text.xcconfig; name = "Pods-community_sample (iOS).release.xcconfig"; path = "Target Support Files/Pods-community_sample (iOS)/Pods-community_sample (iOS).release.xcconfig"; sourceTree = "<group>"; };
		22DA21DA8F7D201CFA5962DB /* Pods-community_sample (macOS).release.xcconfig */ = {isa = PBXFileReference; includeInIndex = 1; lastKnownFileType = text.xcconfig; name = "Pods-community_sample (macOS).release.xcconfig"; path = "Target Support Files/Pods-community_sample (macOS)/Pods-community_sample (macOS).release.xcconfig"; sourceTree = "<group>"; };
		3F097C2463661084E7CDBB22 /* Pods_community_sample__macOS_.framework */ = {isa = PBXFileReference; explicitFileType = wrapper.framework; includeInIndex = 0; path = Pods_community_sample__macOS_.framework; sourceTree = BUILT_PRODUCTS_DIR; };
		79B5E4B61E8CA4DA404872F1 /* Pods-community_sample (iOS).debug.xcconfig */ = {isa = PBXFileReference; includeInIndex = 1; lastKnownFileType = text.xcconfig; name = "Pods-community_sample (iOS).debug.xcconfig"; path = "Target Support Files/Pods-community_sample (iOS)/Pods-community_sample (iOS).debug.xcconfig"; sourceTree = "<group>"; };
		7D6FB68626F7A1AC008C921F /* community_sampleApp.swift */ = {isa = PBXFileReference; lastKnownFileType = sourcecode.swift; path = community_sampleApp.swift; sourceTree = "<group>"; };
		7D6FB68826F7A1AD008C921F /* Assets.xcassets */ = {isa = PBXFileReference; lastKnownFileType = folder.assetcatalog; path = Assets.xcassets; sourceTree = "<group>"; };
		7D6FB68D26F7A1AD008C921F /* community_sample.app */ = {isa = PBXFileReference; explicitFileType = wrapper.application; includeInIndex = 0; path = community_sample.app; sourceTree = BUILT_PRODUCTS_DIR; };
		7D6FB69026F7A1AD008C921F /* Info.plist */ = {isa = PBXFileReference; lastKnownFileType = text.plist.xml; path = Info.plist; sourceTree = "<group>"; };
		7D6FB69526F7A1AD008C921F /* community_sample.app */ = {isa = PBXFileReference; explicitFileType = wrapper.application; includeInIndex = 0; path = community_sample.app; sourceTree = BUILT_PRODUCTS_DIR; };
		7D6FB69726F7A1AD008C921F /* Info.plist */ = {isa = PBXFileReference; lastKnownFileType = text.plist.xml; path = Info.plist; sourceTree = "<group>"; };
		7D6FB69826F7A1AD008C921F /* macOS.entitlements */ = {isa = PBXFileReference; lastKnownFileType = text.plist.entitlements; path = macOS.entitlements; sourceTree = "<group>"; };
		7D6FB6AA26F7A35B008C921F /* InitialView.swift */ = {isa = PBXFileReference; fileEncoding = 4; lastKnownFileType = sourcecode.swift; name = InitialView.swift; path = ../../../../code/kakao_login/kakao_login/Views/InitialView.swift; sourceTree = "<group>"; };
		7D6FB6AD26F7A8AD008C921F /* AuthViewModel.swift */ = {isa = PBXFileReference; fileEncoding = 4; lastKnownFileType = sourcecode.swift; name = AuthViewModel.swift; path = ../../../../code/kakao_login/kakao_login/ViewModels/AuthViewModel.swift; sourceTree = "<group>"; };
		7D6FB6AF26F7A9AF008C921F /* MainView.swift */ = {isa = PBXFileReference; fileEncoding = 4; lastKnownFileType = sourcecode.swift; name = MainView.swift; path = ../../../../code/kakao_login/kakao_login/Views/MainView.swift; sourceTree = "<group>"; };
		7D6FB6B126F7A9E3008C921F /* SearchView.swift */ = {isa = PBXFileReference; fileEncoding = 4; lastKnownFileType = sourcecode.swift; name = SearchView.swift; path = ../../../../code/kakao_login/kakao_login/Views/SearchView.swift; sourceTree = "<group>"; };
		7D9A61342704A75300660BB3 /* Constants.swift */ = {isa = PBXFileReference; lastKnownFileType = sourcecode.swift; path = Constants.swift; sourceTree = "<group>"; };
		7DCEB43626FA123C0035E91A /* ItemView.swift */ = {isa = PBXFileReference; lastKnownFileType = sourcecode.swift; path = ItemView.swift; sourceTree = "<group>"; };
		7DCEB43826FA127C0035E91A /* LikeView.swift */ = {isa = PBXFileReference; lastKnownFileType = sourcecode.swift; path = LikeView.swift; sourceTree = "<group>"; };
		7DCEB43A26FA12980035E91A /* BoardView.swift */ = {isa = PBXFileReference; lastKnownFileType = sourcecode.swift; path = BoardView.swift; sourceTree = "<group>"; };
		7DCEB43C26FA12B30035E91A /* AccountView.swift */ = {isa = PBXFileReference; lastKnownFileType = sourcecode.swift; path = AccountView.swift; sourceTree = "<group>"; };
		7DCEB43E26FA13690035E91A /* UserInfo.swift */ = {isa = PBXFileReference; fileEncoding = 4; lastKnownFileType = sourcecode.swift; name = UserInfo.swift; path = ../../../../code/kakao_login/kakao_login/Models/UserInfo.swift; sourceTree = "<group>"; };
		7DCEB44226FA16F10035E91A /* DataViewModel.swift */ = {isa = PBXFileReference; lastKnownFileType = sourcecode.swift; path = DataViewModel.swift; sourceTree = "<group>"; };
		7DCEB44426FA17350035E91A /* ItemInfo.swift */ = {isa = PBXFileReference; lastKnownFileType = sourcecode.swift; path = ItemInfo.swift; sourceTree = "<group>"; };
		7DCEB44626FA178E0035E91A /* NoticeInfo.swift */ = {isa = PBXFileReference; lastKnownFileType = sourcecode.swift; path = NoticeInfo.swift; sourceTree = "<group>"; };
		7DCEB44826FA18E50035E91A /* GoogleService-Info.plist */ = {isa = PBXFileReference; fileEncoding = 4; lastKnownFileType = text.plist.xml; path = "GoogleService-Info.plist"; sourceTree = "<group>"; };
		814B3DAA9051D53C4B503C9F /* Pods-community_sample (macOS).debug.xcconfig */ = {isa = PBXFileReference; includeInIndex = 1; lastKnownFileType = text.xcconfig; name = "Pods-community_sample (macOS).debug.xcconfig"; path = "Target Support Files/Pods-community_sample (macOS)/Pods-community_sample (macOS).debug.xcconfig"; sourceTree = "<group>"; };
		99B66C69B526B53213992A1B /* Pods_community_sample__iOS_.framework */ = {isa = PBXFileReference; explicitFileType = wrapper.framework; includeInIndex = 0; path = Pods_community_sample__iOS_.framework; sourceTree = BUILT_PRODUCTS_DIR; };
/* End PBXFileReference section */

/* Begin PBXFrameworksBuildPhase section */
		7D6FB68A26F7A1AD008C921F /* Frameworks */ = {
			isa = PBXFrameworksBuildPhase;
			buildActionMask = 2147483647;
			files = (
				8E8F3B4952C975835042B04F /* Pods_community_sample__iOS_.framework in Frameworks */,
			);
			runOnlyForDeploymentPostprocessing = 0;
		};
		7D6FB69226F7A1AD008C921F /* Frameworks */ = {
			isa = PBXFrameworksBuildPhase;
			buildActionMask = 2147483647;
			files = (
				1D7D1CDCDED771410597073F /* Pods_community_sample__macOS_.framework in Frameworks */,
			);
			runOnlyForDeploymentPostprocessing = 0;
		};
/* End PBXFrameworksBuildPhase section */

/* Begin PBXGroup section */
		1B1A8489CD44B60FA27AF01B /* Frameworks */ = {
			isa = PBXGroup;
			children = (
				99B66C69B526B53213992A1B /* Pods_community_sample__iOS_.framework */,
				3F097C2463661084E7CDBB22 /* Pods_community_sample__macOS_.framework */,
			);
			name = Frameworks;
			sourceTree = "<group>";
		};
		43CE001809B9460EC4A0771F /* Pods */ = {
			isa = PBXGroup;
			children = (
				79B5E4B61E8CA4DA404872F1 /* Pods-community_sample (iOS).debug.xcconfig */,
				18B1B5D02289346D1DBACC1F /* Pods-community_sample (iOS).release.xcconfig */,
				814B3DAA9051D53C4B503C9F /* Pods-community_sample (macOS).debug.xcconfig */,
				22DA21DA8F7D201CFA5962DB /* Pods-community_sample (macOS).release.xcconfig */,
			);
			path = Pods;
			sourceTree = "<group>";
		};
		7D6FB68026F7A1AC008C921F = {
			isa = PBXGroup;
			children = (
				7D6FB68526F7A1AC008C921F /* Shared */,
				7D6FB68F26F7A1AD008C921F /* iOS */,
				7D6FB69626F7A1AD008C921F /* macOS */,
				7D6FB68E26F7A1AD008C921F /* Products */,
				43CE001809B9460EC4A0771F /* Pods */,
				1B1A8489CD44B60FA27AF01B /* Frameworks */,
			);
			sourceTree = "<group>";
		};
		7D6FB68526F7A1AC008C921F /* Shared */ = {
			isa = PBXGroup;
			children = (
				7D6FB6A926F7A29C008C921F /* ViewModels */,
				7D6FB6A826F7A296008C921F /* Models */,
				7D6FB6A726F7A28E008C921F /* Views */,
				7D6FB68626F7A1AC008C921F /* community_sampleApp.swift */,
				7D9A61342704A75300660BB3 /* Constants.swift */,
				7DCEB44826FA18E50035E91A /* GoogleService-Info.plist */,
				7D6FB68826F7A1AD008C921F /* Assets.xcassets */,
			);
			path = Shared;
			sourceTree = "<group>";
		};
		7D6FB68E26F7A1AD008C921F /* Products */ = {
			isa = PBXGroup;
			children = (
				7D6FB68D26F7A1AD008C921F /* community_sample.app */,
				7D6FB69526F7A1AD008C921F /* community_sample.app */,
			);
			name = Products;
			sourceTree = "<group>";
		};
		7D6FB68F26F7A1AD008C921F /* iOS */ = {
			isa = PBXGroup;
			children = (
				7D6FB69026F7A1AD008C921F /* Info.plist */,
			);
			path = iOS;
			sourceTree = "<group>";
		};
		7D6FB69626F7A1AD008C921F /* macOS */ = {
			isa = PBXGroup;
			children = (
				7D6FB69726F7A1AD008C921F /* Info.plist */,
				7D6FB69826F7A1AD008C921F /* macOS.entitlements */,
			);
			path = macOS;
			sourceTree = "<group>";
		};
		7D6FB6A726F7A28E008C921F /* Views */ = {
			isa = PBXGroup;
			children = (
				7D6FB6AA26F7A35B008C921F /* InitialView.swift */,
				7D6FB6AF26F7A9AF008C921F /* MainView.swift */,
				7D6FB6B126F7A9E3008C921F /* SearchView.swift */,
				7DCEB43626FA123C0035E91A /* ItemView.swift */,
				7DCEB43826FA127C0035E91A /* LikeView.swift */,
				7DCEB43A26FA12980035E91A /* BoardView.swift */,
				7DCEB43C26FA12B30035E91A /* AccountView.swift */,
			);
			path = Views;
			sourceTree = "<group>";
		};
		7D6FB6A826F7A296008C921F /* Models */ = {
			isa = PBXGroup;
			children = (
				7DCEB43E26FA13690035E91A /* UserInfo.swift */,
				7DCEB44426FA17350035E91A /* ItemInfo.swift */,
				7DCEB44626FA178E0035E91A /* NoticeInfo.swift */,
			);
			path = Models;
			sourceTree = "<group>";
		};
		7D6FB6A926F7A29C008C921F /* ViewModels */ = {
			isa = PBXGroup;
			children = (
				7D6FB6AD26F7A8AD008C921F /* AuthViewModel.swift */,
				7DCEB44226FA16F10035E91A /* DataViewModel.swift */,
			);
			path = ViewModels;
			sourceTree = "<group>";
		};
/* End PBXGroup section */

/* Begin PBXNativeTarget section */
		7D6FB68C26F7A1AD008C921F /* community_sample (iOS) */ = {
			isa = PBXNativeTarget;
			buildConfigurationList = 7D6FB6A126F7A1AD008C921F /* Build configuration list for PBXNativeTarget "community_sample (iOS)" */;
			buildPhases = (
				1C801E0DF2A2705BE2137A60 /* [CP] Check Pods Manifest.lock */,
				7D6FB68926F7A1AD008C921F /* Sources */,
				7D6FB68A26F7A1AD008C921F /* Frameworks */,
				7D6FB68B26F7A1AD008C921F /* Resources */,
				20B3FAA82D5EDCD2CE5A51EF /* [CP] Embed Pods Frameworks */,
			);
			buildRules = (
			);
			dependencies = (
			);
			name = "community_sample (iOS)";
			productName = "community_sample (iOS)";
			productReference = 7D6FB68D26F7A1AD008C921F /* community_sample.app */;
			productType = "com.apple.product-type.application";
		};
		7D6FB69426F7A1AD008C921F /* community_sample (macOS) */ = {
			isa = PBXNativeTarget;
			buildConfigurationList = 7D6FB6A426F7A1AD008C921F /* Build configuration list for PBXNativeTarget "community_sample (macOS)" */;
			buildPhases = (
				A43F893A1892AB48BBCB2BD3 /* [CP] Check Pods Manifest.lock */,
				7D6FB69126F7A1AD008C921F /* Sources */,
				7D6FB69226F7A1AD008C921F /* Frameworks */,
				7D6FB69326F7A1AD008C921F /* Resources */,
			);
			buildRules = (
			);
			dependencies = (
			);
			name = "community_sample (macOS)";
			productName = "community_sample (macOS)";
			productReference = 7D6FB69526F7A1AD008C921F /* community_sample.app */;
			productType = "com.apple.product-type.application";
		};
/* End PBXNativeTarget section */

/* Begin PBXProject section */
		7D6FB68126F7A1AC008C921F /* Project object */ = {
			isa = PBXProject;
			attributes = {
				LastSwiftUpdateCheck = 1250;
				LastUpgradeCheck = 1250;
				TargetAttributes = {
					7D6FB68C26F7A1AD008C921F = {
						CreatedOnToolsVersion = 12.5.1;
					};
					7D6FB69426F7A1AD008C921F = {
						CreatedOnToolsVersion = 12.5.1;
					};
				};
			};
			buildConfigurationList = 7D6FB68426F7A1AC008C921F /* Build configuration list for PBXProject "community_sample" */;
			compatibilityVersion = "Xcode 9.3";
			developmentRegion = en;
			hasScannedForEncodings = 0;
			knownRegions = (
				en,
				Base,
			);
			mainGroup = 7D6FB68026F7A1AC008C921F;
			productRefGroup = 7D6FB68E26F7A1AD008C921F /* Products */;
			projectDirPath = "";
			projectRoot = "";
			targets = (
				7D6FB68C26F7A1AD008C921F /* community_sample (iOS) */,
				7D6FB69426F7A1AD008C921F /* community_sample (macOS) */,
			);
		};
/* End PBXProject section */

/* Begin PBXResourcesBuildPhase section */
		7D6FB68B26F7A1AD008C921F /* Resources */ = {
			isa = PBXResourcesBuildPhase;
			buildActionMask = 2147483647;
			files = (
				7D6FB69D26F7A1AD008C921F /* Assets.xcassets in Resources */,
				7DCEB44926FA18E50035E91A /* GoogleService-Info.plist in Resources */,
			);
			runOnlyForDeploymentPostprocessing = 0;
		};
		7D6FB69326F7A1AD008C921F /* Resources */ = {
			isa = PBXResourcesBuildPhase;
			buildActionMask = 2147483647;
			files = (
				7D6FB69E26F7A1AD008C921F /* Assets.xcassets in Resources */,
			);
			runOnlyForDeploymentPostprocessing = 0;
		};
/* End PBXResourcesBuildPhase section */

/* Begin PBXShellScriptBuildPhase section */
		1C801E0DF2A2705BE2137A60 /* [CP] Check Pods Manifest.lock */ = {
			isa = PBXShellScriptBuildPhase;
			buildActionMask = 2147483647;
			files = (
			);
			inputFileListPaths = (
			);
			inputPaths = (
				"${PODS_PODFILE_DIR_PATH}/Podfile.lock",
				"${PODS_ROOT}/Manifest.lock",
			);
			name = "[CP] Check Pods Manifest.lock";
			outputFileListPaths = (
			);
			outputPaths = (
				"$(DERIVED_FILE_DIR)/Pods-community_sample (iOS)-checkManifestLockResult.txt",
			);
			runOnlyForDeploymentPostprocessing = 0;
			shellPath = /bin/sh;
			shellScript = "diff \"${PODS_PODFILE_DIR_PATH}/Podfile.lock\" \"${PODS_ROOT}/Manifest.lock\" > /dev/null\nif [ $? != 0 ] ; then\n    # print error to STDERR\n    echo \"error: The sandbox is not in sync with the Podfile.lock. Run 'pod install' or update your CocoaPods installation.\" >&2\n    exit 1\nfi\n# This output is used by Xcode 'outputs' to avoid re-running this script phase.\necho \"SUCCESS\" > \"${SCRIPT_OUTPUT_FILE_0}\"\n";
			showEnvVarsInLog = 0;
		};
		20B3FAA82D5EDCD2CE5A51EF /* [CP] Embed Pods Frameworks */ = {
			isa = PBXShellScriptBuildPhase;
			buildActionMask = 2147483647;
			files = (
			);
			inputFileListPaths = (
				"${PODS_ROOT}/Target Support Files/Pods-community_sample (iOS)/Pods-community_sample (iOS)-frameworks-${CONFIGURATION}-input-files.xcfilelist",
			);
			name = "[CP] Embed Pods Frameworks";
			outputFileListPaths = (
				"${PODS_ROOT}/Target Support Files/Pods-community_sample (iOS)/Pods-community_sample (iOS)-frameworks-${CONFIGURATION}-output-files.xcfilelist",
			);
			runOnlyForDeploymentPostprocessing = 0;
			shellPath = /bin/sh;
			shellScript = "\"${PODS_ROOT}/Target Support Files/Pods-community_sample (iOS)/Pods-community_sample (iOS)-frameworks.sh\"\n";
			showEnvVarsInLog = 0;
		};
		A43F893A1892AB48BBCB2BD3 /* [CP] Check Pods Manifest.lock */ = {
			isa = PBXShellScriptBuildPhase;
			buildActionMask = 2147483647;
			files = (
			);
			inputFileListPaths = (
			);
			inputPaths = (
				"${PODS_PODFILE_DIR_PATH}/Podfile.lock",
				"${PODS_ROOT}/Manifest.lock",
			);
			name = "[CP] Check Pods Manifest.lock";
			outputFileListPaths = (
			);
			outputPaths = (
				"$(DERIVED_FILE_DIR)/Pods-community_sample (macOS)-checkManifestLockResult.txt",
			);
			runOnlyForDeploymentPostprocessing = 0;
			shellPath = /bin/sh;
			shellScript = "diff \"${PODS_PODFILE_DIR_PATH}/Podfile.lock\" \"${PODS_ROOT}/Manifest.lock\" > /dev/null\nif [ $? != 0 ] ; then\n    # print error to STDERR\n    echo \"error: The sandbox is not in sync with the Podfile.lock. Run 'pod install' or update your CocoaPods installation.\" >&2\n    exit 1\nfi\n# This output is used by Xcode 'outputs' to avoid re-running this script phase.\necho \"SUCCESS\" > \"${SCRIPT_OUTPUT_FILE_0}\"\n";
			showEnvVarsInLog = 0;
		};
/* End PBXShellScriptBuildPhase section */

/* Begin PBXSourcesBuildPhase section */
		7D6FB68926F7A1AD008C921F /* Sources */ = {
			isa = PBXSourcesBuildPhase;
			buildActionMask = 2147483647;
			files = (
				7DCEB43926FA127C0035E91A /* LikeView.swift in Sources */,
				7D6FB6B226F7A9E3008C921F /* SearchView.swift in Sources */,
				7DCEB43726FA123C0035E91A /* ItemView.swift in Sources */,
				7D6FB6AB26F7A35B008C921F /* InitialView.swift in Sources */,
				7DCEB44526FA17350035E91A /* ItemInfo.swift in Sources */,
				7D6FB6B026F7A9AF008C921F /* MainView.swift in Sources */,
				7DCEB43B26FA12980035E91A /* BoardView.swift in Sources */,
				7DCEB43D26FA12B30035E91A /* AccountView.swift in Sources */,
				7DCEB44326FA16F10035E91A /* DataViewModel.swift in Sources */,
				7D6FB69926F7A1AD008C921F /* community_sampleApp.swift in Sources */,
				7DCEB43F26FA13690035E91A /* UserInfo.swift in Sources */,
				7D9A61352704A75300660BB3 /* Constants.swift in Sources */,
				7D6FB6AE26F7A8AD008C921F /* AuthViewModel.swift in Sources */,
				7DCEB44726FA178E0035E91A /* NoticeInfo.swift in Sources */,
			);
			runOnlyForDeploymentPostprocessing = 0;
		};
		7D6FB69126F7A1AD008C921F /* Sources */ = {
			isa = PBXSourcesBuildPhase;
			buildActionMask = 2147483647;
			files = (
				7D6FB6AC26F7A35B008C921F /* InitialView.swift in Sources */,
				7D6FB69A26F7A1AD008C921F /* community_sampleApp.swift in Sources */,
			);
			runOnlyForDeploymentPostprocessing = 0;
		};
/* End PBXSourcesBuildPhase section */

/* Begin XCBuildConfiguration section */
		7D6FB69F26F7A1AD008C921F /* Debug */ = {
			isa = XCBuildConfiguration;
			buildSettings = {
				ALWAYS_SEARCH_USER_PATHS = NO;
				CLANG_ANALYZER_NONNULL = YES;
				CLANG_ANALYZER_NUMBER_OBJECT_CONVERSION = YES_AGGRESSIVE;
				CLANG_CXX_LANGUAGE_STANDARD = "gnu++14";
				CLANG_CXX_LIBRARY = "libc++";
				CLANG_ENABLE_MODULES = YES;
				CLANG_ENABLE_OBJC_ARC = YES;
				CLANG_ENABLE_OBJC_WEAK = YES;
				CLANG_WARN_BLOCK_CAPTURE_AUTORELEASING = YES;
				CLANG_WARN_BOOL_CONVERSION = YES;
				CLANG_WARN_COMMA = YES;
				CLANG_WARN_CONSTANT_CONVERSION = YES;
				CLANG_WARN_DEPRECATED_OBJC_IMPLEMENTATIONS = YES;
				CLANG_WARN_DIRECT_OBJC_ISA_USAGE = YES_ERROR;
				CLANG_WARN_DOCUMENTATION_COMMENTS = YES;
				CLANG_WARN_EMPTY_BODY = YES;
				CLANG_WARN_ENUM_CONVERSION = YES;
				CLANG_WARN_INFINITE_RECURSION = YES;
				CLANG_WARN_INT_CONVERSION = YES;
				CLANG_WARN_NON_LITERAL_NULL_CONVERSION = YES;
				CLANG_WARN_OBJC_IMPLICIT_RETAIN_SELF = YES;
				CLANG_WARN_OBJC_LITERAL_CONVERSION = YES;
				CLANG_WARN_OBJC_ROOT_CLASS = YES_ERROR;
				CLANG_WARN_QUOTED_INCLUDE_IN_FRAMEWORK_HEADER = YES;
				CLANG_WARN_RANGE_LOOP_ANALYSIS = YES;
				CLANG_WARN_STRICT_PROTOTYPES = YES;
				CLANG_WARN_SUSPICIOUS_MOVE = YES;
				CLANG_WARN_UNGUARDED_AVAILABILITY = YES_AGGRESSIVE;
				CLANG_WARN_UNREACHABLE_CODE = YES;
				CLANG_WARN__DUPLICATE_METHOD_MATCH = YES;
				COPY_PHASE_STRIP = NO;
				DEBUG_INFORMATION_FORMAT = dwarf;
				ENABLE_STRICT_OBJC_MSGSEND = YES;
				ENABLE_TESTABILITY = YES;
				GCC_C_LANGUAGE_STANDARD = gnu11;
				GCC_DYNAMIC_NO_PIC = NO;
				GCC_NO_COMMON_BLOCKS = YES;
				GCC_OPTIMIZATION_LEVEL = 0;
				GCC_PREPROCESSOR_DEFINITIONS = (
					"DEBUG=1",
					"$(inherited)",
				);
				GCC_WARN_64_TO_32_BIT_CONVERSION = YES;
				GCC_WARN_ABOUT_RETURN_TYPE = YES_ERROR;
				GCC_WARN_UNDECLARED_SELECTOR = YES;
				GCC_WARN_UNINITIALIZED_AUTOS = YES_AGGRESSIVE;
				GCC_WARN_UNUSED_FUNCTION = YES;
				GCC_WARN_UNUSED_VARIABLE = YES;
				MTL_ENABLE_DEBUG_INFO = INCLUDE_SOURCE;
				MTL_FAST_MATH = YES;
				ONLY_ACTIVE_ARCH = YES;
				SWIFT_ACTIVE_COMPILATION_CONDITIONS = DEBUG;
				SWIFT_OPTIMIZATION_LEVEL = "-Onone";
			};
			name = Debug;
		};
		7D6FB6A026F7A1AD008C921F /* Release */ = {
			isa = XCBuildConfiguration;
			buildSettings = {
				ALWAYS_SEARCH_USER_PATHS = NO;
				CLANG_ANALYZER_NONNULL = YES;
				CLANG_ANALYZER_NUMBER_OBJECT_CONVERSION = YES_AGGRESSIVE;
				CLANG_CXX_LANGUAGE_STANDARD = "gnu++14";
				CLANG_CXX_LIBRARY = "libc++";
				CLANG_ENABLE_MODULES = YES;
				CLANG_ENABLE_OBJC_ARC = YES;
				CLANG_ENABLE_OBJC_WEAK = YES;
				CLANG_WARN_BLOCK_CAPTURE_AUTORELEASING = YES;
				CLANG_WARN_BOOL_CONVERSION = YES;
				CLANG_WARN_COMMA = YES;
				CLANG_WARN_CONSTANT_CONVERSION = YES;
				CLANG_WARN_DEPRECATED_OBJC_IMPLEMENTATIONS = YES;
				CLANG_WARN_DIRECT_OBJC_ISA_USAGE = YES_ERROR;
				CLANG_WARN_DOCUMENTATION_COMMENTS = YES;
				CLANG_WARN_EMPTY_BODY = YES;
				CLANG_WARN_ENUM_CONVERSION = YES;
				CLANG_WARN_INFINITE_RECURSION = YES;
				CLANG_WARN_INT_CONVERSION = YES;
				CLANG_WARN_NON_LITERAL_NULL_CONVERSION = YES;
				CLANG_WARN_OBJC_IMPLICIT_RETAIN_SELF = YES;
				CLANG_WARN_OBJC_LITERAL_CONVERSION = YES;
				CLANG_WARN_OBJC_ROOT_CLASS = YES_ERROR;
				CLANG_WARN_QUOTED_INCLUDE_IN_FRAMEWORK_HEADER = YES;
				CLANG_WARN_RANGE_LOOP_ANALYSIS = YES;
				CLANG_WARN_STRICT_PROTOTYPES = YES;
				CLANG_WARN_SUSPICIOUS_MOVE = YES;
				CLANG_WARN_UNGUARDED_AVAILABILITY = YES_AGGRESSIVE;
				CLANG_WARN_UNREACHABLE_CODE = YES;
				CLANG_WARN__DUPLICATE_METHOD_MATCH = YES;
				COPY_PHASE_STRIP = NO;
				DEBUG_INFORMATION_FORMAT = "dwarf-with-dsym";
				ENABLE_NS_ASSERTIONS = NO;
				ENABLE_STRICT_OBJC_MSGSEND = YES;
				GCC_C_LANGUAGE_STANDARD = gnu11;
				GCC_NO_COMMON_BLOCKS = YES;
				GCC_WARN_64_TO_32_BIT_CONVERSION = YES;
				GCC_WARN_ABOUT_RETURN_TYPE = YES_ERROR;
				GCC_WARN_UNDECLARED_SELECTOR = YES;
				GCC_WARN_UNINITIALIZED_AUTOS = YES_AGGRESSIVE;
				GCC_WARN_UNUSED_FUNCTION = YES;
				GCC_WARN_UNUSED_VARIABLE = YES;
				MTL_ENABLE_DEBUG_INFO = NO;
				MTL_FAST_MATH = YES;
				SWIFT_COMPILATION_MODE = wholemodule;
				SWIFT_OPTIMIZATION_LEVEL = "-O";
			};
			name = Release;
		};
		7D6FB6A226F7A1AD008C921F /* Debug */ = {
			isa = XCBuildConfiguration;
			baseConfigurationReference = 79B5E4B61E8CA4DA404872F1 /* Pods-community_sample (iOS).debug.xcconfig */;
			buildSettings = {
				ASSETCATALOG_COMPILER_APPICON_NAME = AppIcon;
				ASSETCATALOG_COMPILER_GLOBAL_ACCENT_COLOR_NAME = AccentColor;
				CODE_SIGN_STYLE = Automatic;
				DEVELOPMENT_TEAM = K3D3SD4M2F;
				ENABLE_PREVIEWS = YES;
				INFOPLIST_FILE = iOS/Info.plist;
				IPHONEOS_DEPLOYMENT_TARGET = 14.0;
				LD_RUNPATH_SEARCH_PATHS = (
					"$(inherited)",
					"@executable_path/Frameworks",
				);
				PRODUCT_BUNDLE_IDENTIFIER = "qkdlqkdl44.community-sample";
				PRODUCT_NAME = community_sample;
				SDKROOT = iphoneos;
				SWIFT_VERSION = 5.0;
				TARGETED_DEVICE_FAMILY = "1,2";
			};
			name = Debug;
		};
		7D6FB6A326F7A1AD008C921F /* Release */ = {
			isa = XCBuildConfiguration;
			baseConfigurationReference = 18B1B5D02289346D1DBACC1F /* Pods-community_sample (iOS).release.xcconfig */;
			buildSettings = {
				ASSETCATALOG_COMPILER_APPICON_NAME = AppIcon;
				ASSETCATALOG_COMPILER_GLOBAL_ACCENT_COLOR_NAME = AccentColor;
				CODE_SIGN_STYLE = Automatic;
				DEVELOPMENT_TEAM = K3D3SD4M2F;
				ENABLE_PREVIEWS = YES;
				INFOPLIST_FILE = iOS/Info.plist;
				IPHONEOS_DEPLOYMENT_TARGET = 14.0;
				LD_RUNPATH_SEARCH_PATHS = (
					"$(inherited)",
					"@executable_path/Frameworks",
				);
				PRODUCT_BUNDLE_IDENTIFIER = "qkdlqkdl44.community-sample";
				PRODUCT_NAME = community_sample;
				SDKROOT = iphoneos;
				SWIFT_VERSION = 5.0;
				TARGETED_DEVICE_FAMILY = "1,2";
				VALIDATE_PRODUCT = YES;
			};
			name = Release;
		};
		7D6FB6A526F7A1AD008C921F /* Debug */ = {
			isa = XCBuildConfiguration;
			baseConfigurationReference = 814B3DAA9051D53C4B503C9F /* Pods-community_sample (macOS).debug.xcconfig */;
			buildSettings = {
				ASSETCATALOG_COMPILER_APPICON_NAME = AppIcon;
				ASSETCATALOG_COMPILER_GLOBAL_ACCENT_COLOR_NAME = AccentColor;
				CODE_SIGN_ENTITLEMENTS = macOS/macOS.entitlements;
				CODE_SIGN_STYLE = Automatic;
				COMBINE_HIDPI_IMAGES = YES;
				DEVELOPMENT_TEAM = K3D3SD4M2F;
				ENABLE_HARDENED_RUNTIME = YES;
				ENABLE_PREVIEWS = YES;
				INFOPLIST_FILE = macOS/Info.plist;
				LD_RUNPATH_SEARCH_PATHS = (
					"$(inherited)",
					"@executable_path/../Frameworks",
				);
				MACOSX_DEPLOYMENT_TARGET = 11.0;
				PRODUCT_BUNDLE_IDENTIFIER = "qkdlqkdl44.community-sample";
				PRODUCT_NAME = community_sample;
				SDKROOT = macosx;
				SWIFT_VERSION = 5.0;
			};
			name = Debug;
		};
		7D6FB6A626F7A1AD008C921F /* Release */ = {
			isa = XCBuildConfiguration;
			baseConfigurationReference = 22DA21DA8F7D201CFA5962DB /* Pods-community_sample (macOS).release.xcconfig */;
			buildSettings = {
				ASSETCATALOG_COMPILER_APPICON_NAME = AppIcon;
				ASSETCATALOG_COMPILER_GLOBAL_ACCENT_COLOR_NAME = AccentColor;
				CODE_SIGN_ENTITLEMENTS = macOS/macOS.entitlements;
				CODE_SIGN_STYLE = Automatic;
				COMBINE_HIDPI_IMAGES = YES;
				DEVELOPMENT_TEAM = K3D3SD4M2F;
				ENABLE_HARDENED_RUNTIME = YES;
				ENABLE_PREVIEWS = YES;
				INFOPLIST_FILE = macOS/Info.plist;
				LD_RUNPATH_SEARCH_PATHS = (
					"$(inherited)",
					"@executable_path/../Frameworks",
				);
				MACOSX_DEPLOYMENT_TARGET = 11.0;
				PRODUCT_BUNDLE_IDENTIFIER = "qkdlqkdl44.community-sample";
				PRODUCT_NAME = community_sample;
				SDKROOT = macosx;
				SWIFT_VERSION = 5.0;
			};
			name = Release;
		};
/* End XCBuildConfiguration section */

/* Begin XCConfigurationList section */
		7D6FB68426F7A1AC008C921F /* Build configuration list for PBXProject "community_sample" */ = {
			isa = XCConfigurationList;
			buildConfigurations = (
				7D6FB69F26F7A1AD008C921F /* Debug */,
				7D6FB6A026F7A1AD008C921F /* Release */,
			);
			defaultConfigurationIsVisible = 0;
			defaultConfigurationName = Release;
		};
		7D6FB6A126F7A1AD008C921F /* Build configuration list for PBXNativeTarget "community_sample (iOS)" */ = {
			isa = XCConfigurationList;
			buildConfigurations = (
				7D6FB6A226F7A1AD008C921F /* Debug */,
				7D6FB6A326F7A1AD008C921F /* Release */,
			);
			defaultConfigurationIsVisible = 0;
			defaultConfigurationName = Release;
		};
		7D6FB6A426F7A1AD008C921F /* Build configuration list for PBXNativeTarget "community_sample (macOS)" */ = {
			isa = XCConfigurationList;
			buildConfigurations = (
				7D6FB6A526F7A1AD008C921F /* Debug */,
				7D6FB6A626F7A1AD008C921F /* Release */,
			);
			defaultConfigurationIsVisible = 0;
			defaultConfigurationName = Release;
		};
/* End XCConfigurationList section */
	};
	rootObject = 7D6FB68126F7A1AC008C921F /* Project object */;
}
